
Microsoft Visual Studio Solution File, Format Version 12.00
# Visual Studio Version 17
VisualStudioVersion = 17.6.33829.357
MinimumVisualStudioVersion = 10.0.40219.1
Project("{FAE04EC0-301F-11D3-BF4B-00C04F79EFBC}") = "numberDetector", "numberDetector.csproj", "{AF193670-5C46-4FB5-8770-FAD5B93DFECF}"
EndProject
Global
	GlobalSection(SolutionConfigurationPlatforms) = preSolution
		Debug|Any CPU = Debug|Any CPU
		Release|Any CPU = Release|Any CPU
	EndGlobalSection
	GlobalSection(ProjectConfigurationPlatforms) = postSolution
		{AF193670-5C46-4FB5-8770-FAD5B93DFECF}.Debug|Any CPU.ActiveCfg = Debug|Any CPU
		{AF193670-5C46-4FB5-8770-FAD5B93DFECF}.Debug|Any CPU.Build.0 = Debug|Any CPU
		{AF193670-5C46-4FB5-8770-FAD5B93DFECF}.Release|Any CPU.ActiveCfg = Release|Any CPU
		{AF193670-5C46-4FB5-8770-FAD5B93DFECF}.Release|Any CPU.Build.0 = Release|Any CPU
	EndGlobalSection
	GlobalSection(SolutionProperties) = preSolution
		HideSolutionNode = FALSE
	EndGlobalSection
	GlobalSection(ExtensibilityGlobals) = postSolution
		SolutionGuid = {E2AACCE8-6C61-4ABC-8D70-0C91E83D3312}
	EndGlobalSection
EndGlobal
